
Microsoft Visual Studio Solution File, Format Version 12.00
# Visual Studio Version 17
VisualStudioVersion = 17.3.32929.385
MinimumVisualStudioVersion = 10.0.40219.1
Project("{8BC9CEB8-8B4A-11D0-8D11-00A0C91BC942}") = "Project", "Project\Project.vcxproj", "{A5851F1A-E694-41C7-85BB-86EC662FD3D6}"
EndProject
Global
	GlobalSection(SolutionConfigurationPlatforms) = preSolution
		Debug|x64 = Debug|x64
		Debug|x86 = Debug|x86
		Release|x64 = Release|x64
		Release|x86 = Release|x86
	EndGlobalSection
	GlobalSection(ProjectConfigurationPlatforms) = postSolution
		{A5851F1A-E694-41C7-85BB-86EC662FD3D6}.Debug|x64.ActiveCfg = Debug|x64
		{A5851F1A-E694-41C7-85BB-86EC662FD3D6}.Debug|x64.Build.0 = Debug|x64
		{A5851F1A-E694-41C7-85BB-86EC662FD3D6}.Debug|x86.ActiveCfg = Debug|Win32
		{A5851F1A-E694-41C7-85BB-86EC662FD3D6}.Debug|x86.Build.0 = Debug|Win32
		{A5851F1A-E694-41C7-85BB-86EC662FD3D6}.Release|x64.ActiveCfg = Release|x64
		{A5851F1A-E694-41C7-85BB-86EC662FD3D6}.Release|x64.Build.0 = Release|x64
		{A5851F1A-E694-41C7-85BB-86EC662FD3D6}.Release|x86.ActiveCfg = Release|Win32
		{A5851F1A-E694-41C7-85BB-86EC662FD3D6}.Release|x86.Build.0 = Release|Win32
	EndGlobalSection
	GlobalSection(SolutionProperties) = preSolution
		HideSolutionNode = FALSE
	EndGlobalSection
	GlobalSection(ExtensibilityGlobals) = postSolution
		SolutionGuid = {6ABBF88C-87BA-4CE7-82C4-035003D170C8}
	EndGlobalSection
EndGlobal
